// !$*UTF8*$!
{
	archiveVersion = 1;
	classes = {
	};
	objectVersion = 50;
	objects = {

/* Begin PBXBuildFile section */
		4C81278621F824CA00ED5647 /* AppDelegate.swift in Sources */ = {isa = PBXBuildFile; fileRef = 4C81278521F824CA00ED5647 /* AppDelegate.swift */; };
		4C81278821F824CA00ED5647 /* ViewController.swift in Sources */ = {isa = PBXBuildFile; fileRef = 4C81278721F824CA00ED5647 /* ViewController.swift */; };
		4C81278B21F824CA00ED5647 /* Main.storyboard in Resources */ = {isa = PBXBuildFile; fileRef = 4C81278921F824CA00ED5647 /* Main.storyboard */; };
		4C81278D21F824CD00ED5647 /* Assets.xcassets in Resources */ = {isa = PBXBuildFile; fileRef = 4C81278C21F824CD00ED5647 /* Assets.xcassets */; };
		4C81279021F824CD00ED5647 /* LaunchScreen.storyboard in Resources */ = {isa = PBXBuildFile; fileRef = 4C81278E21F824CD00ED5647 /* LaunchScreen.storyboard */; };
		4C81279B21F824CD00ED5647 /* TTTTests.swift in Sources */ = {isa = PBXBuildFile; fileRef = 4C81279A21F824CD00ED5647 /* TTTTests.swift */; };
		4C8127A621F824CD00ED5647 /* TTTUITests.swift in Sources */ = {isa = PBXBuildFile; fileRef = 4C8127A521F824CD00ED5647 /* TTTUITests.swift */; };
		4C8127B621F8284900ED5647 /* ReceiverVC.swift in Sources */ = {isa = PBXBuildFile; fileRef = 4C8127B521F8284900ED5647 /* ReceiverVC.swift */; };
		4C8127F321F996DA00ED5647 /* TTTModel.swift in Sources */ = {isa = PBXBuildFile; fileRef = 4C8127F221F996DA00ED5647 /* TTTModel.swift */; };
/* End PBXBuildFile section */

/* Begin PBXContainerItemProxy section */
		4C81279721F824CD00ED5647 /* PBXContainerItemProxy */ = {
			isa = PBXContainerItemProxy;
			containerPortal = 4C81277A21F824CA00ED5647 /* Project object */;
			proxyType = 1;
			remoteGlobalIDString = 4C81278121F824CA00ED5647;
			remoteInfo = TTT;
		};
		4C8127A221F824CD00ED5647 /* PBXContainerItemProxy */ = {
			isa = PBXContainerItemProxy;
			containerPortal = 4C81277A21F824CA00ED5647 /* Project object */;
			proxyType = 1;
			remoteGlobalIDString = 4C81278121F824CA00ED5647;
			remoteInfo = TTT;
		};
/* End PBXContainerItemProxy section */

/* Begin PBXFileReference section */
		4C81278221F824CA00ED5647 /* TTT.app */ = {isa = PBXFileReference; explicitFileType = wrapper.application; includeInIndex = 0; path = TTT.app; sourceTree = BUILT_PRODUCTS_DIR; };
		4C81278521F824CA00ED5647 /* AppDelegate.swift */ = {isa = PBXFileReference; lastKnownFileType = sourcecode.swift; path = AppDelegate.swift; sourceTree = "<group>"; };
		4C81278721F824CA00ED5647 /* ViewController.swift */ = {isa = PBXFileReference; lastKnownFileType = sourcecode.swift; path = ViewController.swift; sourceTree = "<group>"; };
		4C81278A21F824CA00ED5647 /* Base */ = {isa = PBXFileReference; lastKnownFileType = file.storyboard; name = Base; path = Base.lproj/Main.storyboard; sourceTree = "<group>"; };
		4C81278C21F824CD00ED5647 /* Assets.xcassets */ = {isa = PBXFileReference; lastKnownFileType = folder.assetcatalog; path = Assets.xcassets; sourceTree = "<group>"; };
		4C81278F21F824CD00ED5647 /* Base */ = {isa = PBXFileReference; lastKnownFileType = file.storyboard; name = Base; path = Base.lproj/LaunchScreen.storyboard; sourceTree = "<group>"; };
		4C81279121F824CD00ED5647 /* Info.plist */ = {isa = PBXFileReference; lastKnownFileType = text.plist.xml; path = Info.plist; sourceTree = "<group>"; };
		4C81279621F824CD00ED5647 /* TTTTests.xctest */ = {isa = PBXFileReference; explicitFileType = wrapper.cfbundle; includeInIndex = 0; path = TTTTests.xctest; sourceTree = BUILT_PRODUCTS_DIR; };
		4C81279A21F824CD00ED5647 /* TTTTests.swift */ = {isa = PBXFileReference; lastKnownFileType = sourcecode.swift; path = TTTTests.swift; sourceTree = "<group>"; };
		4C81279C21F824CD00ED5647 /* Info.plist */ = {isa = PBXFileReference; lastKnownFileType = text.plist.xml; path = Info.plist; sourceTree = "<group>"; };
		4C8127A121F824CD00ED5647 /* TTTUITests.xctest */ = {isa = PBXFileReference; explicitFileType = wrapper.cfbundle; includeInIndex = 0; path = TTTUITests.xctest; sourceTree = BUILT_PRODUCTS_DIR; };
		4C8127A521F824CD00ED5647 /* TTTUITests.swift */ = {isa = PBXFileReference; lastKnownFileType = sourcecode.swift; path = TTTUITests.swift; sourceTree = "<group>"; };
		4C8127A721F824CD00ED5647 /* Info.plist */ = {isa = PBXFileReference; lastKnownFileType = text.plist.xml; path = Info.plist; sourceTree = "<group>"; };
		4C8127B521F8284900ED5647 /* ReceiverVC.swift */ = {isa = PBXFileReference; lastKnownFileType = sourcecode.swift; path = ReceiverVC.swift; sourceTree = "<group>"; };
		4C8127F221F996DA00ED5647 /* TTTModel.swift */ = {isa = PBXFileReference; lastKnownFileType = sourcecode.swift; path = TTTModel.swift; sourceTree = "<group>"; };
/* End PBXFileReference section */

/* Begin PBXFrameworksBuildPhase section */
		4C81277F21F824CA00ED5647 /* Frameworks */ = {
			isa = PBXFrameworksBuildPhase;
			buildActionMask = 2147483647;
			files = (
			);
			runOnlyForDeploymentPostprocessing = 0;
		};
		4C81279321F824CD00ED5647 /* Frameworks */ = {
			isa = PBXFrameworksBuildPhase;
			buildActionMask = 2147483647;
			files = (
			);
			runOnlyForDeploymentPostprocessing = 0;
		};
		4C81279E21F824CD00ED5647 /* Frameworks */ = {
			isa = PBXFrameworksBuildPhase;
			buildActionMask = 2147483647;
			files = (
			);
			runOnlyForDeploymentPostprocessing = 0;
		};
/* End PBXFrameworksBuildPhase section */

/* Begin PBXGroup section */
		4C81277921F824CA00ED5647 = {
			isa = PBXGroup;
			children = (
				4C81278421F824CA00ED5647 /* TTT */,
				4C81279921F824CD00ED5647 /* TTTTests */,
				4C8127A421F824CD00ED5647 /* TTTUITests */,
				4C81278321F824CA00ED5647 /* Products */,
			);
			sourceTree = "<group>";
		};
		4C81278321F824CA00ED5647 /* Products */ = {
			isa = PBXGroup;
			children = (
				4C81278221F824CA00ED5647 /* TTT.app */,
				4C81279621F824CD00ED5647 /* TTTTests.xctest */,
				4C8127A121F824CD00ED5647 /* TTTUITests.xctest */,
			);
			name = Products;
			sourceTree = "<group>";
		};
		4C81278421F824CA00ED5647 /* TTT */ = {
			isa = PBXGroup;
			children = (
				4C8127F421FA216400ED5647 /* Model */,
				4C8127F521FA217600ED5647 /* View */,
				4C8127F621FA218D00ED5647 /* Controller */,
				4C81278521F824CA00ED5647 /* AppDelegate.swift */,
				4C81278C21F824CD00ED5647 /* Assets.xcassets */,
				4C81278E21F824CD00ED5647 /* LaunchScreen.storyboard */,
				4C81279121F824CD00ED5647 /* Info.plist */,
			);
			path = TTT;
			sourceTree = "<group>";
		};
		4C81279921F824CD00ED5647 /* TTTTests */ = {
			isa = PBXGroup;
			children = (
				4C81279A21F824CD00ED5647 /* TTTTests.swift */,
				4C81279C21F824CD00ED5647 /* Info.plist */,
			);
			path = TTTTests;
			sourceTree = "<group>";
		};
		4C8127A421F824CD00ED5647 /* TTTUITests */ = {
			isa = PBXGroup;
			children = (
				4C8127A521F824CD00ED5647 /* TTTUITests.swift */,
				4C8127A721F824CD00ED5647 /* Info.plist */,
			);
			path = TTTUITests;
			sourceTree = "<group>";
		};
		4C8127F421FA216400ED5647 /* Model */ = {
			isa = PBXGroup;
			children = (
				4C8127F221F996DA00ED5647 /* TTTModel.swift */,
			);
			path = Model;
			sourceTree = "<group>";
		};
		4C8127F521FA217600ED5647 /* View */ = {
			isa = PBXGroup;
			children = (
				4C81278921F824CA00ED5647 /* Main.storyboard */,
			);
			path = View;
			sourceTree = "<group>";
		};
		4C8127F621FA218D00ED5647 /* Controller */ = {
			isa = PBXGroup;
			children = (
				4C81278721F824CA00ED5647 /* ViewController.swift */,
				4C8127B521F8284900ED5647 /* ReceiverVC.swift */,
			);
			path = Controller;
			sourceTree = "<group>";
		};
/* End PBXGroup section */

/* Begin PBXNativeTarget section */
		4C81278121F824CA00ED5647 /* TTT */ = {
			isa = PBXNativeTarget;
			buildConfigurationList = 4C8127AA21F824CD00ED5647 /* Build configuration list for PBXNativeTarget "TTT" */;
			buildPhases = (
				4C81277E21F824CA00ED5647 /* Sources */,
				4C81277F21F824CA00ED5647 /* Frameworks */,
				4C81278021F824CA00ED5647 /* Resources */,
			);
			buildRules = (
			);
			dependencies = (
			);
			name = TTT;
			productName = TTT;
			productReference = 4C81278221F824CA00ED5647 /* TTT.app */;
			productType = "com.apple.product-type.application";
		};
		4C81279521F824CD00ED5647 /* TTTTests */ = {
			isa = PBXNativeTarget;
			buildConfigurationList = 4C8127AD21F824CD00ED5647 /* Build configuration list for PBXNativeTarget "TTTTests" */;
			buildPhases = (
				4C81279221F824CD00ED5647 /* Sources */,
				4C81279321F824CD00ED5647 /* Frameworks */,
				4C81279421F824CD00ED5647 /* Resources */,
			);
			buildRules = (
			);
			dependencies = (
				4C81279821F824CD00ED5647 /* PBXTargetDependency */,
			);
			name = TTTTests;
			productName = TTTTests;
			productReference = 4C81279621F824CD00ED5647 /* TTTTests.xctest */;
			productType = "com.apple.product-type.bundle.unit-test";
		};
		4C8127A021F824CD00ED5647 /* TTTUITests */ = {
			isa = PBXNativeTarget;
			buildConfigurationList = 4C8127B021F824CD00ED5647 /* Build configuration list for PBXNativeTarget "TTTUITests" */;
			buildPhases = (
				4C81279D21F824CD00ED5647 /* Sources */,
				4C81279E21F824CD00ED5647 /* Frameworks */,
				4C81279F21F824CD00ED5647 /* Resources */,
			);
			buildRules = (
			);
			dependencies = (
				4C8127A321F824CD00ED5647 /* PBXTargetDependency */,
			);
			name = TTTUITests;
			productName = TTTUITests;
			productReference = 4C8127A121F824CD00ED5647 /* TTTUITests.xctest */;
			productType = "com.apple.product-type.bundle.ui-testing";
		};
/* End PBXNativeTarget section */

/* Begin PBXProject section */
		4C81277A21F824CA00ED5647 /* Project object */ = {
			isa = PBXProject;
			attributes = {
				LastSwiftUpdateCheck = 1010;
				LastUpgradeCheck = 1010;
				ORGANIZATIONNAME = "Sean Zhan";
				TargetAttributes = {
					4C81278121F824CA00ED5647 = {
						CreatedOnToolsVersion = 10.1;
					};
					4C81279521F824CD00ED5647 = {
						CreatedOnToolsVersion = 10.1;
						TestTargetID = 4C81278121F824CA00ED5647;
					};
					4C8127A021F824CD00ED5647 = {
						CreatedOnToolsVersion = 10.1;
						TestTargetID = 4C81278121F824CA00ED5647;
					};
				};
			};
			buildConfigurationList = 4C81277D21F824CA00ED5647 /* Build configuration list for PBXProject "TTT" */;
			compatibilityVersion = "Xcode 9.3";
			developmentRegion = en;
			hasScannedForEncodings = 0;
			knownRegions = (
				en,
				Base,
			);
			mainGroup = 4C81277921F824CA00ED5647;
			productRefGroup = 4C81278321F824CA00ED5647 /* Products */;
			projectDirPath = "";
			projectRoot = "";
			targets = (
				4C81278121F824CA00ED5647 /* TTT */,
				4C81279521F824CD00ED5647 /* TTTTests */,
				4C8127A021F824CD00ED5647 /* TTTUITests */,
			);
		};
/* End PBXProject section */

/* Begin PBXResourcesBuildPhase section */
		4C81278021F824CA00ED5647 /* Resources */ = {
			isa = PBXResourcesBuildPhase;
			buildActionMask = 2147483647;
			files = (
				4C81279021F824CD00ED5647 /* LaunchScreen.storyboard in Resources */,
				4C81278D21F824CD00ED5647 /* Assets.xcassets in Resources */,
				4C81278B21F824CA00ED5647 /* Main.storyboard in Resources */,
			);
			runOnlyForDeploymentPostprocessing = 0;
		};
		4C81279421F824CD00ED5647 /* Resources */ = {
			isa = PBXResourcesBuildPhase;
			buildActionMask = 2147483647;
			files = (
			);
			runOnlyForDeploymentPostprocessing = 0;
		};
		4C81279F21F824CD00ED5647 /* Resources */ = {
			isa = PBXResourcesBuildPhase;
			buildActionMask = 2147483647;
			files = (
			);
			runOnlyForDeploymentPostprocessing = 0;
		};
/* End PBXResourcesBuildPhase section */

/* Begin PBXSourcesBuildPhase section */
		4C81277E21F824CA00ED5647 /* Sources */ = {
			isa = PBXSourcesBuildPhase;
			buildActionMask = 2147483647;
			files = (
				4C81278821F824CA00ED5647 /* ViewController.swift in Sources */,
				4C8127B621F8284900ED5647 /* ReceiverVC.swift in Sources */,
				4C8127F321F996DA00ED5647 /* TTTModel.swift in Sources */,
				4C81278621F824CA00ED5647 /* AppDelegate.swift in Sources */,
			);
			runOnlyForDeploymentPostprocessing = 0;
		};
		4C81279221F824CD00ED5647 /* Sources */ = {
			isa = PBXSourcesBuildPhase;
			buildActionMask = 2147483647;
			files = (
				4C81279B21F824CD00ED5647 /* TTTTests.swift in Sources */,
			);
			runOnlyForDeploymentPostprocessing = 0;
		};
		4C81279D21F824CD00ED5647 /* Sources */ = {
			isa = PBXSourcesBuildPhase;
			buildActionMask = 2147483647;
			files = (
				4C8127A621F824CD00ED5647 /* TTTUITests.swift in Sources */,
			);
			runOnlyForDeploymentPostprocessing = 0;
		};
/* End PBXSourcesBuildPhase section */

/* Begin PBXTargetDependency section */
		4C81279821F824CD00ED5647 /* PBXTargetDependency */ = {
			isa = PBXTargetDependency;
			target = 4C81278121F824CA00ED5647 /* TTT */;
			targetProxy = 4C81279721F824CD00ED5647 /* PBXContainerItemProxy */;
		};
		4C8127A321F824CD00ED5647 /* PBXTargetDependency */ = {
			isa = PBXTargetDependency;
			target = 4C81278121F824CA00ED5647 /* TTT */;
			targetProxy = 4C8127A221F824CD00ED5647 /* PBXContainerItemProxy */;
		};
/* End PBXTargetDependency section */

/* Begin PBXVariantGroup section */
		4C81278921F824CA00ED5647 /* Main.storyboard */ = {
			isa = PBXVariantGroup;
			children = (
				4C81278A21F824CA00ED5647 /* Base */,
			);
			name = Main.storyboard;
			sourceTree = "<group>";
		};
		4C81278E21F824CD00ED5647 /* LaunchScreen.storyboard */ = {
			isa = PBXVariantGroup;
			children = (
				4C81278F21F824CD00ED5647 /* Base */,
			);
			name = LaunchScreen.storyboard;
			sourceTree = "<group>";
		};
/* End PBXVariantGroup section */

/* Begin XCBuildConfiguration section */
		4C8127A821F824CD00ED5647 /* Debug */ = {
			isa = XCBuildConfiguration;
			buildSettings = {
				ALWAYS_SEARCH_USER_PATHS = NO;
				CLANG_ANALYZER_NONNULL = YES;
				CLANG_ANALYZER_NUMBER_OBJECT_CONVERSION = YES_AGGRESSIVE;
				CLANG_CXX_LANGUAGE_STANDARD = "gnu++14";
				CLANG_CXX_LIBRARY = "libc++";
				CLANG_ENABLE_MODULES = YES;
				CLANG_ENABLE_OBJC_ARC = YES;
				CLANG_ENABLE_OBJC_WEAK = YES;
				CLANG_WARN_BLOCK_CAPTURE_AUTORELEASING = YES;
				CLANG_WARN_BOOL_CONVERSION = YES;
				CLANG_WARN_COMMA = YES;
				CLANG_WARN_CONSTANT_CONVERSION = YES;
				CLANG_WARN_DEPRECATED_OBJC_IMPLEMENTATIONS = YES;
				CLANG_WARN_DIRECT_OBJC_ISA_USAGE = YES_ERROR;
				CLANG_WARN_DOCUMENTATION_COMMENTS = YES;
				CLANG_WARN_EMPTY_BODY = YES;
				CLANG_WARN_ENUM_CONVERSION = YES;
				CLANG_WARN_INFINITE_RECURSION = YES;
				CLANG_WARN_INT_CONVERSION = YES;
				CLANG_WARN_NON_LITERAL_NULL_CONVERSION = YES;
				CLANG_WARN_OBJC_IMPLICIT_RETAIN_SELF = YES;
				CLANG_WARN_OBJC_LITERAL_CONVERSION = YES;
				CLANG_WARN_OBJC_ROOT_CLASS = YES_ERROR;
				CLANG_WARN_RANGE_LOOP_ANALYSIS = YES;
				CLANG_WARN_STRICT_PROTOTYPES = YES;
				CLANG_WARN_SUSPICIOUS_MOVE = YES;
				CLANG_WARN_UNGUARDED_AVAILABILITY = YES_AGGRESSIVE;
				CLANG_WARN_UNREACHABLE_CODE = YES;
				CLANG_WARN__DUPLICATE_METHOD_MATCH = YES;
				CODE_SIGN_IDENTITY = "iPhone Developer";
				COPY_PHASE_STRIP = NO;
				DEBUG_INFORMATION_FORMAT = dwarf;
				ENABLE_STRICT_OBJC_MSGSEND = YES;
				ENABLE_TESTABILITY = YES;
				GCC_C_LANGUAGE_STANDARD = gnu11;
				GCC_DYNAMIC_NO_PIC = NO;
				GCC_NO_COMMON_BLOCKS = YES;
				GCC_OPTIMIZATION_LEVEL = 0;
				GCC_PREPROCESSOR_DEFINITIONS = (
					"DEBUG=1",
					"$(inherited)",
				);
				GCC_WARN_64_TO_32_BIT_CONVERSION = YES;
				GCC_WARN_ABOUT_RETURN_TYPE = YES_ERROR;
				GCC_WARN_UNDECLARED_SELECTOR = YES;
				GCC_WARN_UNINITIALIZED_AUTOS = YES_AGGRESSIVE;
				GCC_WARN_UNUSED_FUNCTION = YES;
				GCC_WARN_UNUSED_VARIABLE = YES;
				IPHONEOS_DEPLOYMENT_TARGET = 12.1;
				MTL_ENABLE_DEBUG_INFO = INCLUDE_SOURCE;
				MTL_FAST_MATH = YES;
				ONLY_ACTIVE_ARCH = YES;
				SDKROOT = iphoneos;
				SWIFT_ACTIVE_COMPILATION_CONDITIONS = DEBUG;
				SWIFT_OPTIMIZATION_LEVEL = "-Onone";
			};
			name = Debug;
		};
		4C8127A921F824CD00ED5647 /* Release */ = {
			isa = XCBuildConfiguration;
			buildSettings = {
				ALWAYS_SEARCH_USER_PATHS = NO;
				CLANG_ANALYZER_NONNULL = YES;
				CLANG_ANALYZER_NUMBER_OBJECT_CONVERSION = YES_AGGRESSIVE;
				CLANG_CXX_LANGUAGE_STANDARD = "gnu++14";
				CLANG_CXX_LIBRARY = "libc++";
				CLANG_ENABLE_MODULES = YES;
				CLANG_ENABLE_OBJC_ARC = YES;
				CLANG_ENABLE_OBJC_WEAK = YES;
				CLANG_WARN_BLOCK_CAPTURE_AUTORELEASING = YES;
				CLANG_WARN_BOOL_CONVERSION = YES;
				CLANG_WARN_COMMA = YES;
				CLANG_WARN_CONSTANT_CONVERSION = YES;
				CLANG_WARN_DEPRECATED_OBJC_IMPLEMENTATIONS = YES;
				CLANG_WARN_DIRECT_OBJC_ISA_USAGE = YES_ERROR;
				CLANG_WARN_DOCUMENTATION_COMMENTS = YES;
				CLANG_WARN_EMPTY_BODY = YES;
				CLANG_WARN_ENUM_CONVERSION = YES;
				CLANG_WARN_INFINITE_RECURSION = YES;
				CLANG_WARN_INT_CONVERSION = YES;
				CLANG_WARN_NON_LITERAL_NULL_CONVERSION = YES;
				CLANG_WARN_OBJC_IMPLICIT_RETAIN_SELF = YES;
				CLANG_WARN_OBJC_LITERAL_CONVERSION = YES;
				CLANG_WARN_OBJC_ROOT_CLASS = YES_ERROR;
				CLANG_WARN_RANGE_LOOP_ANALYSIS = YES;
				CLANG_WARN_STRICT_PROTOTYPES = YES;
				CLANG_WARN_SUSPICIOUS_MOVE = YES;
				CLANG_WARN_UNGUARDED_AVAILABILITY = YES_AGGRESSIVE;
				CLANG_WARN_UNREACHABLE_CODE = YES;
				CLANG_WARN__DUPLICATE_METHOD_MATCH = YES;
				CODE_SIGN_IDENTITY = "iPhone Developer";
				COPY_PHASE_STRIP = NO;
				DEBUG_INFORMATION_FORMAT = "dwarf-with-dsym";
				ENABLE_NS_ASSERTIONS = NO;
				ENABLE_STRICT_OBJC_MSGSEND = YES;
				GCC_C_LANGUAGE_STANDARD = gnu11;
				GCC_NO_COMMON_BLOCKS = YES;
				GCC_WARN_64_TO_32_BIT_CONVERSION = YES;
				GCC_WARN_ABOUT_RETURN_TYPE = YES_ERROR;
				GCC_WARN_UNDECLARED_SELECTOR = YES;
				GCC_WARN_UNINITIALIZED_AUTOS = YES_AGGRESSIVE;
				GCC_WARN_UNUSED_FUNCTION = YES;
				GCC_WARN_UNUSED_VARIABLE = YES;
				IPHONEOS_DEPLOYMENT_TARGET = 12.1;
				MTL_ENABLE_DEBUG_INFO = NO;
				MTL_FAST_MATH = YES;
				SDKROOT = iphoneos;
				SWIFT_COMPILATION_MODE = wholemodule;
				SWIFT_OPTIMIZATION_LEVEL = "-O";
				VALIDATE_PRODUCT = YES;
			};
			name = Release;
		};
		4C8127AB21F824CD00ED5647 /* Debug */ = {
			isa = XCBuildConfiguration;
			buildSettings = {
				ASSETCATALOG_COMPILER_APPICON_NAME = AppIcon;
				CODE_SIGN_IDENTITY = "iPhone Developer";
				CODE_SIGN_STYLE = Automatic;
				DEVELOPMENT_TEAM = N582TJ9X3R;
				INFOPLIST_FILE = TTT/Info.plist;
				IPHONEOS_DEPLOYMENT_TARGET = 12.0;
				LD_RUNPATH_SEARCH_PATHS = (
					"$(inherited)",
					"@executable_path/Frameworks",
				);
				PRODUCT_BUNDLE_IDENTIFIER = org.cate.cs.SeanZhan.TTT;
				PRODUCT_NAME = "$(TARGET_NAME)";
				PROVISIONING_PROFILE_SPECIFIER = "";
				SWIFT_VERSION = 4.2;
				TARGETED_DEVICE_FAMILY = 1;
			};
			name = Debug;
		};
		4C8127AC21F824CD00ED5647 /* Release */ = {
			isa = XCBuildConfiguration;
			buildSettings = {
				ASSETCATALOG_COMPILER_APPICON_NAME = AppIcon;
				CODE_SIGN_IDENTITY = "iPhone Developer";
				CODE_SIGN_STYLE = Automatic;
				DEVELOPMENT_TEAM = N582TJ9X3R;
				INFOPLIST_FILE = TTT/Info.plist;
				IPHONEOS_DEPLOYMENT_TARGET = 12.0;
				LD_RUNPATH_SEARCH_PATHS = (
					"$(inherited)",
					"@executable_path/Frameworks",
				);
				PRODUCT_BUNDLE_IDENTIFIER = org.cate.cs.SeanZhan.TTT;
				PRODUCT_NAME = "$(TARGET_NAME)";
				PROVISIONING_PROFILE_SPECIFIER = "";
				SWIFT_VERSION = 4.2;
				TARGETED_DEVICE_FAMILY = 1;
			};
			name = Release;
		};
		4C8127AE21F824CD00ED5647 /* Debug */ = {
			isa = XCBuildConfiguration;
			buildSettings = {
				ALWAYS_EMBED_SWIFT_STANDARD_LIBRARIES = YES;
				BUNDLE_LOADER = "$(TEST_HOST)";
				CODE_SIGN_STYLE = Automatic;
				DEVELOPMENT_TEAM = CP6MK58QNN;
				INFOPLIST_FILE = TTTTests/Info.plist;
				LD_RUNPATH_SEARCH_PATHS = (
					"$(inherited)",
					"@executable_path/Frameworks",
					"@loader_path/Frameworks",
				);
				PRODUCT_BUNDLE_IDENTIFIER = org.cate.cs.SeanZhan.TTTTests;
				PRODUCT_NAME = "$(TARGET_NAME)";
				SWIFT_VERSION = 4.2;
				TARGETED_DEVICE_FAMILY = "1,2";
				TEST_HOST = "$(BUILT_PRODUCTS_DIR)/TTT.app/TTT";
			};
			name = Debug;
		};
		4C8127AF21F824CD00ED5647 /* Release */ = {
			isa = XCBuildConfiguration;
			buildSettings = {
				ALWAYS_EMBED_SWIFT_STANDARD_LIBRARIES = YES;
				BUNDLE_LOADER = "$(TEST_HOST)";
				CODE_SIGN_STYLE = Automatic;
				DEVELOPMENT_TEAM = CP6MK58QNN;
				INFOPLIST_FILE = TTTTests/Info.plist;
				LD_RUNPATH_SEARCH_PATHS = (
					"$(inherited)",
					"@executable_path/Frameworks",
					"@loader_path/Frameworks",
				);
				PRODUCT_BUNDLE_IDENTIFIER = org.cate.cs.SeanZhan.TTTTests;
				PRODUCT_NAME = "$(TARGET_NAME)";
				SWIFT_VERSION = 4.2;
				TARGETED_DEVICE_FAMILY = "1,2";
				TEST_HOST = "$(BUILT_PRODUCTS_DIR)/TTT.app/TTT";
			};
			name = Release;
		};
		4C8127B121F824CD00ED5647 /* Debug */ = {
			isa = XCBuildConfiguration;
			buildSettings = {
				ALWAYS_EMBED_SWIFT_STANDARD_LIBRARIES = YES;
				CODE_SIGN_STYLE = Automatic;
				DEVELOPMENT_TEAM = CP6MK58QNN;
				INFOPLIST_FILE = TTTUITests/Info.plist;
				LD_RUNPATH_SEARCH_PATHS = (
					"$(inherited)",
					"@executable_path/Frameworks",
					"@loader_path/Frameworks",
				);
				PRODUCT_BUNDLE_IDENTIFIER = org.cate.cs.SeanZhan.TTTUITests;
				PRODUCT_NAME = "$(TARGET_NAME)";
				SWIFT_VERSION = 4.2;
				TARGETED_DEVICE_FAMILY = "1,2";
				TEST_TARGET_NAME = TTT;
			};
			name = Debug;
		};
		4C8127B221F824CD00ED5647 /* Release */ = {
			isa = XCBuildConfiguration;
			buildSettings = {
				ALWAYS_EMBED_SWIFT_STANDARD_LIBRARIES = YES;
				CODE_SIGN_STYLE = Automatic;
				DEVELOPMENT_TEAM = CP6MK58QNN;
				INFOPLIST_FILE = TTTUITests/Info.plist;
				LD_RUNPATH_SEARCH_PATHS = (
					"$(inherited)",
					"@executable_path/Frameworks",
					"@loader_path/Frameworks",
				);
				PRODUCT_BUNDLE_IDENTIFIER = org.cate.cs.SeanZhan.TTTUITests;
				PRODUCT_NAME = "$(TARGET_NAME)";
				SWIFT_VERSION = 4.2;
				TARGETED_DEVICE_FAMILY = "1,2";
				TEST_TARGET_NAME = TTT;
			};
			name = Release;
		};
/* End XCBuildConfiguration section */

/* Begin XCConfigurationList section */
		4C81277D21F824CA00ED5647 /* Build configuration list for PBXProject "TTT" */ = {
			isa = XCConfigurationList;
			buildConfigurations = (
				4C8127A821F824CD00ED5647 /* Debug */,
				4C8127A921F824CD00ED5647 /* Release */,
			);
			defaultConfigurationIsVisible = 0;
			defaultConfigurationName = Release;
		};
		4C8127AA21F824CD00ED5647 /* Build configuration list for PBXNativeTarget "TTT" */ = {
			isa = XCConfigurationList;
			buildConfigurations = (
				4C8127AB21F824CD00ED5647 /* Debug */,
				4C8127AC21F824CD00ED5647 /* Release */,
			);
			defaultConfigurationIsVisible = 0;
			defaultConfigurationName = Release;
		};
		4C8127AD21F824CD00ED5647 /* Build configuration list for PBXNativeTarget "TTTTests" */ = {
			isa = XCConfigurationList;
			buildConfigurations = (
				4C8127AE21F824CD00ED5647 /* Debug */,
				4C8127AF21F824CD00ED5647 /* Release */,
			);
			defaultConfigurationIsVisible = 0;
			defaultConfigurationName = Release;
		};
		4C8127B021F824CD00ED5647 /* Build configuration list for PBXNativeTarget "TTTUITests" */ = {
			isa = XCConfigurationList;
			buildConfigurations = (
				4C8127B121F824CD00ED5647 /* Debug */,
				4C8127B221F824CD00ED5647 /* Release */,
			);
			defaultConfigurationIsVisible = 0;
			defaultConfigurationName = Release;
		};
/* End XCConfigurationList section */
	};
	rootObject = 4C81277A21F824CA00ED5647 /* Project object */;
}
